
Microsoft Visual Studio Solution File, Format Version 12.00
# Visual Studio 15
Project("{FAE04EC0-301F-11D3-BF4B-00C04F79EFBC}") = "Assembly-CSharp", "Assembly-CSharp.csproj", "{FAE5176C-A341-5CB2-F8B5-DAD21C4D69DE}"
EndProject
Global
	GlobalSection(SolutionConfigurationPlatforms) = preSolution
		Debug|Any CPU = Debug|Any CPU
		Release|Any CPU = Release|Any CPU
	EndGlobalSection
	GlobalSection(ProjectConfigurationPlatforms) = postSolution
		{FAE5176C-A341-5CB2-F8B5-DAD21C4D69DE}.Debug|Any CPU.ActiveCfg = Debug|Any CPU
		{FAE5176C-A341-5CB2-F8B5-DAD21C4D69DE}.Debug|Any CPU.Build.0 = Debug|Any CPU
		{FAE5176C-A341-5CB2-F8B5-DAD21C4D69DE}.Release|Any CPU.ActiveCfg = Release|Any CPU
		{FAE5176C-A341-5CB2-F8B5-DAD21C4D69DE}.Release|Any CPU.Build.0 = Release|Any CPU
	EndGlobalSection
	GlobalSection(SolutionProperties) = preSolution
		HideSolutionNode = FALSE
	EndGlobalSection
EndGlobal
